
Microsoft Visual Studio Solution File, Format Version 12.00
# Visual Studio Version 16
VisualStudioVersion = 16.0.30104.148
MinimumVisualStudioVersion = 10.0.40219.1
Project("{FAE04EC0-301F-11D3-BF4B-00C04F79EFBC}") = "HelloWpf", "HelloWpf\HelloWpf.csproj", "{35F306F2-C73E-47C1-A3DC-B5C30B2742DE}"
EndProject
Global
	GlobalSection(SolutionConfigurationPlatforms) = preSolution
		Debug|Any CPU = Debug|Any CPU
		Release|Any CPU = Release|Any CPU
	EndGlobalSection
	GlobalSection(ProjectConfigurationPlatforms) = postSolution
		{35F306F2-C73E-47C1-A3DC-B5C30B2742DE}.Debug|Any CPU.ActiveCfg = Debug|Any CPU
		{35F306F2-C73E-47C1-A3DC-B5C30B2742DE}.Debug|Any CPU.Build.0 = Debug|Any CPU
		{35F306F2-C73E-47C1-A3DC-B5C30B2742DE}.Release|Any CPU.ActiveCfg = Release|Any CPU
		{35F306F2-C73E-47C1-A3DC-B5C30B2742DE}.Release|Any CPU.Build.0 = Release|Any CPU
	EndGlobalSection
	GlobalSection(SolutionProperties) = preSolution
		HideSolutionNode = FALSE
	EndGlobalSection
	GlobalSection(ExtensibilityGlobals) = postSolution
		SolutionGuid = {232F6948-4AF6-475F-A8C8-2AA68946DC99}
	EndGlobalSection
EndGlobal
